Microsoft Visual Studio Solution File, Format Version 12.00
# Visual Studio Version 17
VisualStudioVersion = 17.12.35527.113
MinimumVisualStudioVersion = 10.0.40219.1
Project("{FAE04EC0-301F-11D3-BF4B-00C04F79EFBC}") = "BankWebApi", "BankWebApi\BankWebApi.csproj", "{B46E452A-7962-4FA2-8C24-F190E1E65BB5}"
EndProject
Project("{FAE04EC0-301F-11D3-BF4B-00C04F79EFBC}") = "BankWebApi.Tests", "BankWebApi.Tests\BankWebApi.Tests.csproj", "{B18ED5FF-AC47-4804-B601-CAAA4664AA94}"
EndProject
Global
	GlobalSection(SolutionConfigurationPlatforms) = preSolution
		Debug|Any CPU = Debug|Any CPU
		Release|Any CPU = Release|Any CPU
	EndGlobalSection
	GlobalSection(ProjectConfigurationPlatforms) = postSolution
		{B46E452A-7962-4FA2-8C24-F190E1E65BB5}.Debug|Any CPU.ActiveCfg = Debug|Any CPU
		{B46E452A-7962-4FA2-8C24-F190E1E65BB5}.Debug|Any CPU.Build.0 = Debug|Any CPU
		{B46E452A-7962-4FA2-8C24-F190E1E65BB5}.Release|Any CPU.ActiveCfg = Release|Any CPU
		{B46E452A-7962-4FA2-8C24-F190E1E65BB5}.Release|Any CPU.Build.0 = Release|Any CPU
		{B18ED5FF-AC47-4804-B601-CAAA4664AA94}.Debug|Any CPU.ActiveCfg = Debug|Any CPU
		{B18ED5FF-AC47-4804-B601-CAAA4664AA94}.Debug|Any CPU.Build.0 = Debug|Any CPU
		{B18ED5FF-AC47-4804-B601-CAAA4664AA94}.Release|Any CPU.ActiveCfg = Release|Any CPU
		{B18ED5FF-AC47-4804-B601-CAAA4664AA94}.Release|Any CPU.Build.0 = Release|Any CPU
	EndGlobalSection
	GlobalSection(SolutionProperties) = preSolution
		HideSolutionNode = FALSE
	EndGlobalSection
EndGlobal
